
Microsoft Visual Studio Solution File, Format Version 12.00
# Visual Studio Version 17
VisualStudioVersion = 17.8.34330.188
MinimumVisualStudioVersion = 10.0.40219.1
Project("{FAE04EC0-301F-11D3-BF4B-00C04F79EFBC}") = "Krissy-Ledger", "Krissy-Ledger\Krissy-Ledger.csproj", "{56ACF202-087D-41E9-A10B-9C1B4BDBB763}"
EndProject
Global
	GlobalSection(SolutionConfigurationPlatforms) = preSolution
		Debug|Any CPU = Debug|Any CPU
		Release|Any CPU = Release|Any CPU
	EndGlobalSection
	GlobalSection(ProjectConfigurationPlatforms) = postSolution
		{56ACF202-087D-41E9-A10B-9C1B4BDBB763}.Debug|Any CPU.ActiveCfg = Debug|Any CPU
		{56ACF202-087D-41E9-A10B-9C1B4BDBB763}.Debug|Any CPU.Build.0 = Debug|Any CPU
		{56ACF202-087D-41E9-A10B-9C1B4BDBB763}.Release|Any CPU.ActiveCfg = Release|Any CPU
		{56ACF202-087D-41E9-A10B-9C1B4BDBB763}.Release|Any CPU.Build.0 = Release|Any CPU
	EndGlobalSection
	GlobalSection(SolutionProperties) = preSolution
		HideSolutionNode = FALSE
	EndGlobalSection
	GlobalSection(ExtensibilityGlobals) = postSolution
		SolutionGuid = {E7238837-A6D5-45A2-9E7F-4306623FFEA4}
	EndGlobalSection
EndGlobal
